{
  "name": "utility",
  "version": "1.0.0",
  "lockfileVersion": 1,
  "requires": true,
  "dependencies": {
    "node-datetime": {
      "version": "2.0.6",
      "resolved": "https://registry.npmjs.org/node-datetime/-/node-datetime-2.0.6.tgz",
      "integrity": "sha1-q79D4A7O5Ej9CYIIj2Zifmcg4hI="
    },
    "node-uuid": {
      "version": "1.4.8",
      "resolved": "https://registry.npmjs.org/node-uuid/-/node-uuid-1.4.8.tgz",
      "integrity": "sha1-sEDrCSOWivq/jTL7HxfxFn/auQc="
    }
  }
}
